
Microsoft Visual Studio Solution File, Format Version 12.00
# Visual Studio Version 17
VisualStudioVersion = 17.6.33829.357
MinimumVisualStudioVersion = 10.0.40219.1
Project("{FAE04EC0-301F-11D3-BF4B-00C04F79EFBC}") = "01. Smallest-Of-Three-Numbers-Method", "01. Smallest-Of-Three-Numbers-Method.csproj", "{31C77C76-721A-46EA-9E7C-896A3D2FCDC9}"
EndProject
Project("{FAE04EC0-301F-11D3-BF4B-00C04F79EFBC}") = "02. Vowels-Count-Method", "..\02. Vowels-Count-Method\02. Vowels-Count-Method.csproj", "{214D98F9-7F86-47C8-A6F3-30B5ADAED49A}"
EndProject
Project("{FAE04EC0-301F-11D3-BF4B-00C04F79EFBC}") = "03. Characters-In-Range", "..\03. Characters-In-Range\03. Characters-In-Range.csproj", "{F6AF44C5-A5A6-4066-82B6-50342C080C0A}"
EndProject
Global
	GlobalSection(SolutionConfigurationPlatforms) = preSolution
		Debug|Any CPU = Debug|Any CPU
		Release|Any CPU = Release|Any CPU
	EndGlobalSection
	GlobalSection(ProjectConfigurationPlatforms) = postSolution
		{31C77C76-721A-46EA-9E7C-896A3D2FCDC9}.Debug|Any CPU.ActiveCfg = Debug|Any CPU
		{31C77C76-721A-46EA-9E7C-896A3D2FCDC9}.Debug|Any CPU.Build.0 = Debug|Any CPU
		{31C77C76-721A-46EA-9E7C-896A3D2FCDC9}.Release|Any CPU.ActiveCfg = Release|Any CPU
		{31C77C76-721A-46EA-9E7C-896A3D2FCDC9}.Release|Any CPU.Build.0 = Release|Any CPU
		{214D98F9-7F86-47C8-A6F3-30B5ADAED49A}.Debug|Any CPU.ActiveCfg = Debug|Any CPU
		{214D98F9-7F86-47C8-A6F3-30B5ADAED49A}.Debug|Any CPU.Build.0 = Debug|Any CPU
		{214D98F9-7F86-47C8-A6F3-30B5ADAED49A}.Release|Any CPU.ActiveCfg = Release|Any CPU
		{214D98F9-7F86-47C8-A6F3-30B5ADAED49A}.Release|Any CPU.Build.0 = Release|Any CPU
		{F6AF44C5-A5A6-4066-82B6-50342C080C0A}.Debug|Any CPU.ActiveCfg = Debug|Any CPU
		{F6AF44C5-A5A6-4066-82B6-50342C080C0A}.Debug|Any CPU.Build.0 = Debug|Any CPU
		{F6AF44C5-A5A6-4066-82B6-50342C080C0A}.Release|Any CPU.ActiveCfg = Release|Any CPU
		{F6AF44C5-A5A6-4066-82B6-50342C080C0A}.Release|Any CPU.Build.0 = Release|Any CPU
	EndGlobalSection
	GlobalSection(SolutionProperties) = preSolution
		HideSolutionNode = FALSE
	EndGlobalSection
	GlobalSection(ExtensibilityGlobals) = postSolution
		SolutionGuid = {C5722885-90D5-49F2-9705-1069BA1B8249}
	EndGlobalSection
EndGlobal
